
Microsoft Visual Studio Solution File, Format Version 12.00
# Visual Studio Version 16
VisualStudioVersion = 16.0.30128.74
MinimumVisualStudioVersion = 10.0.40219.1
Project("{FAE04EC0-301F-11D3-BF4B-00C04F79EFBC}") = "StudentExcercisesMVC2", "StudentExcercisesMVC2\StudentExcercisesMVC2.csproj", "{094CEC65-D535-48A2-BC82-ABA5ABAEEA07}"
EndProject
Global
	GlobalSection(SolutionConfigurationPlatforms) = preSolution
		Debug|Any CPU = Debug|Any CPU
		Release|Any CPU = Release|Any CPU
	EndGlobalSection
	GlobalSection(ProjectConfigurationPlatforms) = postSolution
		{094CEC65-D535-48A2-BC82-ABA5ABAEEA07}.Debug|Any CPU.ActiveCfg = Debug|Any CPU
		{094CEC65-D535-48A2-BC82-ABA5ABAEEA07}.Debug|Any CPU.Build.0 = Debug|Any CPU
		{094CEC65-D535-48A2-BC82-ABA5ABAEEA07}.Release|Any CPU.ActiveCfg = Release|Any CPU
		{094CEC65-D535-48A2-BC82-ABA5ABAEEA07}.Release|Any CPU.Build.0 = Release|Any CPU
	EndGlobalSection
	GlobalSection(SolutionProperties) = preSolution
		HideSolutionNode = FALSE
	EndGlobalSection
	GlobalSection(ExtensibilityGlobals) = postSolution
		SolutionGuid = {65BC1038-AEE4-4677-BBF3-AE68224F6E27}
	EndGlobalSection
EndGlobal
